Microsoft Visual Studio Solution File, Format Version 12.00
# Visual Studio Version 17
VisualStudioVersion = 17.5.2.0
MinimumVisualStudioVersion = 10.0.40219.1
Project("{FAE04EC0-301F-11D3-BF4B-00C04F79EFBC}") = "HoloPDFCreator", "HoloPDFCreator.csproj", "{6071515D-7AE5-AE59-04FF-51AB933516E5}"
EndProject
Global
	GlobalSection(SolutionConfigurationPlatforms) = preSolution
		Debug|Any CPU = Debug|Any CPU
		Release|Any CPU = Release|Any CPU
	EndGlobalSection
	GlobalSection(ProjectConfigurationPlatforms) = postSolution
		{6071515D-7AE5-AE59-04FF-51AB933516E5}.Debug|Any CPU.ActiveCfg = Debug|Any CPU
		{6071515D-7AE5-AE59-04FF-51AB933516E5}.Debug|Any CPU.Build.0 = Debug|Any CPU
		{6071515D-7AE5-AE59-04FF-51AB933516E5}.Release|Any CPU.ActiveCfg = Release|Any CPU
		{6071515D-7AE5-AE59-04FF-51AB933516E5}.Release|Any CPU.Build.0 = Release|Any CPU
	EndGlobalSection
	GlobalSection(SolutionProperties) = preSolution
		HideSolutionNode = FALSE
	EndGlobalSection
	GlobalSection(ExtensibilityGlobals) = postSolution
		SolutionGuid = {BC9479A4-6499-47B0-B9FB-E90CEB5DCCE3}
	EndGlobalSection
EndGlobal
